
Microsoft Visual Studio Solution File, Format Version 12.00
Project("{FAE04EC0-301F-11D3-BF4B-00C04F79EFBC}") = "Notificador.WhatsApp", "Notificador.WhatsApp\Notificador.WhatsApp.csproj", "{552049D8-6B0E-4189-A73F-46A8B68DCAEB}"
EndProject
Project("{FAE04EC0-301F-11D3-BF4B-00C04F79EFBC}") = "Notificador.WhatsApp.Dominio", "Notificador.WhatsApp.Dominio\Notificador.WhatsApp.Dominio.csproj", "{57371F80-BA10-4F33-8190-8A9920C60166}"
EndProject
Project("{FAE04EC0-301F-11D3-BF4B-00C04F79EFBC}") = "Notificador.WhatsApp.Infraestructura", "Notificador.WhatsApp.Infraestructura\Notificador.WhatsApp.Infraestructura.csproj", "{9B50D1FB-4395-4C9B-857E-CAFC85380768}"
EndProject
Project("{FAE04EC0-301F-11D3-BF4B-00C04F79EFBC}") = "Notificador.WhatsApp.Aplicacion", "Notificador.WhatsApp.Aplicacion\Notificador.WhatsApp.Aplicacion.csproj", "{F2652372-FAFE-4E6B-988B-E43B21CD70B1}"
EndProject
Project("{2150E333-8FDC-42A3-9474-1A3956D46DE8}") = "SolutionFolder", "SolutionFolder", "{188110BE-7108-424F-8353-35BED93D1DF6}"
	ProjectSection(SolutionItems) = preProject
		Readme.md = Readme.md
	EndProjectSection
EndProject
Global
	GlobalSection(SolutionConfigurationPlatforms) = preSolution
		Debug|Any CPU = Debug|Any CPU
		Release|Any CPU = Release|Any CPU
	EndGlobalSection
	GlobalSection(ProjectConfigurationPlatforms) = postSolution
		{552049D8-6B0E-4189-A73F-46A8B68DCAEB}.Debug|Any CPU.ActiveCfg = Debug|Any CPU
		{552049D8-6B0E-4189-A73F-46A8B68DCAEB}.Debug|Any CPU.Build.0 = Debug|Any CPU
		{552049D8-6B0E-4189-A73F-46A8B68DCAEB}.Release|Any CPU.ActiveCfg = Release|Any CPU
		{552049D8-6B0E-4189-A73F-46A8B68DCAEB}.Release|Any CPU.Build.0 = Release|Any CPU
		{57371F80-BA10-4F33-8190-8A9920C60166}.Debug|Any CPU.ActiveCfg = Debug|Any CPU
		{57371F80-BA10-4F33-8190-8A9920C60166}.Debug|Any CPU.Build.0 = Debug|Any CPU
		{57371F80-BA10-4F33-8190-8A9920C60166}.Release|Any CPU.ActiveCfg = Release|Any CPU
		{57371F80-BA10-4F33-8190-8A9920C60166}.Release|Any CPU.Build.0 = Release|Any CPU
		{9B50D1FB-4395-4C9B-857E-CAFC85380768}.Debug|Any CPU.ActiveCfg = Debug|Any CPU
		{9B50D1FB-4395-4C9B-857E-CAFC85380768}.Debug|Any CPU.Build.0 = Debug|Any CPU
		{9B50D1FB-4395-4C9B-857E-CAFC85380768}.Release|Any CPU.ActiveCfg = Release|Any CPU
		{9B50D1FB-4395-4C9B-857E-CAFC85380768}.Release|Any CPU.Build.0 = Release|Any CPU
		{F2652372-FAFE-4E6B-988B-E43B21CD70B1}.Debug|Any CPU.ActiveCfg = Debug|Any CPU
		{F2652372-FAFE-4E6B-988B-E43B21CD70B1}.Debug|Any CPU.Build.0 = Debug|Any CPU
		{F2652372-FAFE-4E6B-988B-E43B21CD70B1}.Release|Any CPU.ActiveCfg = Release|Any CPU
		{F2652372-FAFE-4E6B-988B-E43B21CD70B1}.Release|Any CPU.Build.0 = Release|Any CPU
	EndGlobalSection
EndGlobal
